// !$*UTF8*$!
{
	archiveVersion = 1;
	classes = {
	};
	objectVersion = 50;
	objects = {

/* Begin PBXBuildFile section */
		F134FE7E29D0C57C0051057B /* CanvasNative.framework in Frameworks */ = {isa = PBXBuildFile; fileRef = F134FE7D29D0C57C0051057B /* CanvasNative.framework */; };
		F134FE7F29D0C57C0051057B /* CanvasNative.framework in Embed Frameworks */ = {isa = PBXBuildFile; fileRef = F134FE7D29D0C57C0051057B /* CanvasNative.framework */; settings = {ATTRIBUTES = (CodeSignOnCopy, RemoveHeadersOnCopy, ); }; };
		F16241E822DA6E9C007FBF7B /* AppDelegate.swift in Sources */ = {isa = PBXBuildFile; fileRef = F16241E722DA6E9C007FBF7B /* AppDelegate.swift */; };
		F16241EA22DA6E9C007FBF7B /* ViewController.swift in Sources */ = {isa = PBXBuildFile; fileRef = F16241E922DA6E9C007FBF7B /* ViewController.swift */; };
		F16241ED22DA6E9C007FBF7B /* Main.storyboard in Resources */ = {isa = PBXBuildFile; fileRef = F16241EB22DA6E9C007FBF7B /* Main.storyboard */; };
		F16241EF22DA6E9D007FBF7B /* Assets.xcassets in Resources */ = {isa = PBXBuildFile; fileRef = F16241EE22DA6E9D007FBF7B /* Assets.xcassets */; };
		F16241F222DA6E9D007FBF7B /* LaunchScreen.storyboard in Resources */ = {isa = PBXBuildFile; fileRef = F16241F022DA6E9D007FBF7B /* LaunchScreen.storyboard */; };
		F16241FD22DA6E9D007FBF7B /* CanvasDemoTests.swift in Sources */ = {isa = PBXBuildFile; fileRef = F16241FC22DA6E9D007FBF7B /* CanvasDemoTests.swift */; };
		F162420822DA6E9D007FBF7B /* CanvasDemoUITests.swift in Sources */ = {isa = PBXBuildFile; fileRef = F162420722DA6E9D007FBF7B /* CanvasDemoUITests.swift */; };
/* End PBXBuildFile section */

/* Begin PBXContainerItemProxy section */
		F16241F922DA6E9D007FBF7B /* PBXContainerItemProxy */ = {
			isa = PBXContainerItemProxy;
			containerPortal = F16241DC22DA6E9C007FBF7B /* Project object */;
			proxyType = 1;
			remoteGlobalIDString = F16241E322DA6E9C007FBF7B;
			remoteInfo = CanvasDemo;
		};
		F162420422DA6E9D007FBF7B /* PBXContainerItemProxy */ = {
			isa = PBXContainerItemProxy;
			containerPortal = F16241DC22DA6E9C007FBF7B /* Project object */;
			proxyType = 1;
			remoteGlobalIDString = F16241E322DA6E9C007FBF7B;
			remoteInfo = CanvasDemo;
		};
/* End PBXContainerItemProxy section */

/* Begin PBXCopyFilesBuildPhase section */
		F134FE8029D0C57C0051057B /* Embed Frameworks */ = {
			isa = PBXCopyFilesBuildPhase;
			buildActionMask = 2147483647;
			dstPath = "";
			dstSubfolderSpec = 10;
			files = (
				F134FE7F29D0C57C0051057B /* CanvasNative.framework in Embed Frameworks */,
			);
			name = "Embed Frameworks";
			runOnlyForDeploymentPostprocessing = 0;
		};
/* End PBXCopyFilesBuildPhase section */

/* Begin PBXFileReference section */
		F134FE7929D0C4940051057B /* CanvasNative.framework */ = {isa = PBXFileReference; explicitFileType = wrapper.framework; path = CanvasNative.framework; sourceTree = BUILT_PRODUCTS_DIR; };
		F134FE7D29D0C57C0051057B /* CanvasNative.framework */ = {isa = PBXFileReference; explicitFileType = wrapper.framework; path = CanvasNative.framework; sourceTree = BUILT_PRODUCTS_DIR; };
		F16241E422DA6E9C007FBF7B /* CanvasDemo.app */ = {isa = PBXFileReference; explicitFileType = wrapper.application; includeInIndex = 0; path = CanvasDemo.app; sourceTree = BUILT_PRODUCTS_DIR; };
		F16241E722DA6E9C007FBF7B /* AppDelegate.swift */ = {isa = PBXFileReference; lastKnownFileType = sourcecode.swift; path = AppDelegate.swift; sourceTree = "<group>"; };
		F16241E922DA6E9C007FBF7B /* ViewController.swift */ = {isa = PBXFileReference; lastKnownFileType = sourcecode.swift; path = ViewController.swift; sourceTree = "<group>"; };
		F16241EC22DA6E9C007FBF7B /* Base */ = {isa = PBXFileReference; lastKnownFileType = file.storyboard; name = Base; path = Base.lproj/Main.storyboard; sourceTree = "<group>"; };
		F16241EE22DA6E9D007FBF7B /* Assets.xcassets */ = {isa = PBXFileReference; lastKnownFileType = folder.assetcatalog; path = Assets.xcassets; sourceTree = "<group>"; };
		F16241F122DA6E9D007FBF7B /* Base */ = {isa = PBXFileReference; lastKnownFileType = file.storyboard; name = Base; path = Base.lproj/LaunchScreen.storyboard; sourceTree = "<group>"; };
		F16241F322DA6E9D007FBF7B /* Info.plist */ = {isa = PBXFileReference; lastKnownFileType = text.plist.xml; path = Info.plist; sourceTree = "<group>"; };
		F16241F822DA6E9D007FBF7B /* CanvasDemoTests.xctest */ = {isa = PBXFileReference; explicitFileType = wrapper.cfbundle; includeInIndex = 0; path = CanvasDemoTests.xctest; sourceTree = BUILT_PRODUCTS_DIR; };
		F16241FC22DA6E9D007FBF7B /* CanvasDemoTests.swift */ = {isa = PBXFileReference; lastKnownFileType = sourcecode.swift; path = CanvasDemoTests.swift; sourceTree = "<group>"; };
		F16241FE22DA6E9D007FBF7B /* Info.plist */ = {isa = PBXFileReference; lastKnownFileType = text.plist.xml; path = Info.plist; sourceTree = "<group>"; };
		F162420322DA6E9D007FBF7B /* CanvasDemoUITests.xctest */ = {isa = PBXFileReference; explicitFileType = wrapper.cfbundle; includeInIndex = 0; path = CanvasDemoUITests.xctest; sourceTree = BUILT_PRODUCTS_DIR; };
		F162420722DA6E9D007FBF7B /* CanvasDemoUITests.swift */ = {isa = PBXFileReference; lastKnownFileType = sourcecode.swift; path = CanvasDemoUITests.swift; sourceTree = "<group>"; };
		F162420922DA6E9D007FBF7B /* Info.plist */ = {isa = PBXFileReference; lastKnownFileType = text.plist.xml; path = Info.plist; sourceTree = "<group>"; };
		F195B604274832CD00E182CA /* CanvasDemo.entitlements */ = {isa = PBXFileReference; lastKnownFileType = text.plist.entitlements; path = CanvasDemo.entitlements; sourceTree = "<group>"; };
		F195B6052748903400E182CA /* CanvasNative.xcframework */ = {isa = PBXFileReference; lastKnownFileType = wrapper.xcframework; name = CanvasNative.xcframework; path = ../dist/CanvasNative.xcframework; sourceTree = "<group>"; };
/* End PBXFileReference section */

/* Begin PBXFrameworksBuildPhase section */
		F16241E122DA6E9C007FBF7B /* Frameworks */ = {
			isa = PBXFrameworksBuildPhase;
			buildActionMask = 2147483647;
			files = (
				F134FE7E29D0C57C0051057B /* CanvasNative.framework in Frameworks */,
			);
			runOnlyForDeploymentPostprocessing = 0;
		};
		F16241F522DA6E9D007FBF7B /* Frameworks */ = {
			isa = PBXFrameworksBuildPhase;
			buildActionMask = 2147483647;
			files = (
			);
			runOnlyForDeploymentPostprocessing = 0;
		};
		F162420022DA6E9D007FBF7B /* Frameworks */ = {
			isa = PBXFrameworksBuildPhase;
			buildActionMask = 2147483647;
			files = (
			);
			runOnlyForDeploymentPostprocessing = 0;
		};
/* End PBXFrameworksBuildPhase section */

/* Begin PBXGroup section */
		4481D334EC20564EAB46B0E3 /* Frameworks */ = {
			isa = PBXGroup;
			children = (
				F134FE7D29D0C57C0051057B /* CanvasNative.framework */,
				F134FE7929D0C4940051057B /* CanvasNative.framework */,
				F195B6052748903400E182CA /* CanvasNative.xcframework */,
			);
			name = Frameworks;
			sourceTree = "<group>";
		};
		783CB0E45C2971C4BD79D204 /* Pods */ = {
			isa = PBXGroup;
			children = (
			);
			path = Pods;
			sourceTree = "<group>";
		};
		F16241DB22DA6E9C007FBF7B = {
			isa = PBXGroup;
			children = (
				F16241E622DA6E9C007FBF7B /* CanvasDemo */,
				F16241FB22DA6E9D007FBF7B /* CanvasDemoTests */,
				F162420622DA6E9D007FBF7B /* CanvasDemoUITests */,
				F16241E522DA6E9C007FBF7B /* Products */,
				783CB0E45C2971C4BD79D204 /* Pods */,
				4481D334EC20564EAB46B0E3 /* Frameworks */,
			);
			sourceTree = "<group>";
		};
		F16241E522DA6E9C007FBF7B /* Products */ = {
			isa = PBXGroup;
			children = (
				F16241E422DA6E9C007FBF7B /* CanvasDemo.app */,
				F16241F822DA6E9D007FBF7B /* CanvasDemoTests.xctest */,
				F162420322DA6E9D007FBF7B /* CanvasDemoUITests.xctest */,
			);
			name = Products;
			sourceTree = "<group>";
		};
		F16241E622DA6E9C007FBF7B /* CanvasDemo */ = {
			isa = PBXGroup;
			children = (
				F195B604274832CD00E182CA /* CanvasDemo.entitlements */,
				F16241E722DA6E9C007FBF7B /* AppDelegate.swift */,
				F16241E922DA6E9C007FBF7B /* ViewController.swift */,
				F16241EB22DA6E9C007FBF7B /* Main.storyboard */,
				F16241EE22DA6E9D007FBF7B /* Assets.xcassets */,
				F16241F022DA6E9D007FBF7B /* LaunchScreen.storyboard */,
				F16241F322DA6E9D007FBF7B /* Info.plist */,
			);
			path = CanvasDemo;
			sourceTree = "<group>";
		};
		F16241FB22DA6E9D007FBF7B /* CanvasDemoTests */ = {
			isa = PBXGroup;
			children = (
				F16241FC22DA6E9D007FBF7B /* CanvasDemoTests.swift */,
				F16241FE22DA6E9D007FBF7B /* Info.plist */,
			);
			path = CanvasDemoTests;
			sourceTree = "<group>";
		};
		F162420622DA6E9D007FBF7B /* CanvasDemoUITests */ = {
			isa = PBXGroup;
			children = (
				F162420722DA6E9D007FBF7B /* CanvasDemoUITests.swift */,
				F162420922DA6E9D007FBF7B /* Info.plist */,
			);
			path = CanvasDemoUITests;
			sourceTree = "<group>";
		};
/* End PBXGroup section */

/* Begin PBXNativeTarget section */
		F16241E322DA6E9C007FBF7B /* CanvasDemo */ = {
			isa = PBXNativeTarget;
			buildConfigurationList = F162420C22DA6E9D007FBF7B /* Build configuration list for PBXNativeTarget "CanvasDemo" */;
			buildPhases = (
				F16241E022DA6E9C007FBF7B /* Sources */,
				F16241E122DA6E9C007FBF7B /* Frameworks */,
				F16241E222DA6E9C007FBF7B /* Resources */,
				F134FE8029D0C57C0051057B /* Embed Frameworks */,
			);
			buildRules = (
			);
			dependencies = (
			);
			name = CanvasDemo;
			productName = CanvasDemo;
			productReference = F16241E422DA6E9C007FBF7B /* CanvasDemo.app */;
			productType = "com.apple.product-type.application";
		};
		F16241F722DA6E9D007FBF7B /* CanvasDemoTests */ = {
			isa = PBXNativeTarget;
			buildConfigurationList = F162420F22DA6E9D007FBF7B /* Build configuration list for PBXNativeTarget "CanvasDemoTests" */;
			buildPhases = (
				F16241F422DA6E9D007FBF7B /* Sources */,
				F16241F522DA6E9D007FBF7B /* Frameworks */,
				F16241F622DA6E9D007FBF7B /* Resources */,
			);
			buildRules = (
			);
			dependencies = (
				F16241FA22DA6E9D007FBF7B /* PBXTargetDependency */,
			);
			name = CanvasDemoTests;
			productName = CanvasDemoTests;
			productReference = F16241F822DA6E9D007FBF7B /* CanvasDemoTests.xctest */;
			productType = "com.apple.product-type.bundle.unit-test";
		};
		F162420222DA6E9D007FBF7B /* CanvasDemoUITests */ = {
			isa = PBXNativeTarget;
			buildConfigurationList = F162421222DA6E9D007FBF7B /* Build configuration list for PBXNativeTarget "CanvasDemoUITests" */;
			buildPhases = (
				F16241FF22DA6E9D007FBF7B /* Sources */,
				F162420022DA6E9D007FBF7B /* Frameworks */,
				F162420122DA6E9D007FBF7B /* Resources */,
			);
			buildRules = (
			);
			dependencies = (
				F162420522DA6E9D007FBF7B /* PBXTargetDependency */,
			);
			name = CanvasDemoUITests;
			productName = CanvasDemoUITests;
			productReference = F162420322DA6E9D007FBF7B /* CanvasDemoUITests.xctest */;
			productType = "com.apple.product-type.bundle.ui-testing";
		};
/* End PBXNativeTarget section */

/* Begin PBXProject section */
		F16241DC22DA6E9C007FBF7B /* Project object */ = {
			isa = PBXProject;
			attributes = {
				LastSwiftUpdateCheck = 1020;
				LastUpgradeCheck = 1200;
				ORGANIZATIONNAME = "Osei Fortune";
				TargetAttributes = {
					F16241E322DA6E9C007FBF7B = {
						CreatedOnToolsVersion = 10.2.1;
					};
					F16241F722DA6E9D007FBF7B = {
						CreatedOnToolsVersion = 10.2.1;
						TestTargetID = F16241E322DA6E9C007FBF7B;
					};
					F162420222DA6E9D007FBF7B = {
						CreatedOnToolsVersion = 10.2.1;
						TestTargetID = F16241E322DA6E9C007FBF7B;
					};
				};
			};
			buildConfigurationList = F16241DF22DA6E9C007FBF7B /* Build configuration list for PBXProject "CanvasDemo" */;
			compatibilityVersion = "Xcode 9.3";
			developmentRegion = en;
			hasScannedForEncodings = 0;
			knownRegions = (
				en,
				Base,
			);
			mainGroup = F16241DB22DA6E9C007FBF7B;
			productRefGroup = F16241E522DA6E9C007FBF7B /* Products */;
			projectDirPath = "";
			projectRoot = "";
			targets = (
				F16241E322DA6E9C007FBF7B /* CanvasDemo */,
				F16241F722DA6E9D007FBF7B /* CanvasDemoTests */,
				F162420222DA6E9D007FBF7B /* CanvasDemoUITests */,
			);
		};
/* End PBXProject section */

/* Begin PBXResourcesBuildPhase section */
		F16241E222DA6E9C007FBF7B /* Resources */ = {
			isa = PBXResourcesBuildPhase;
			buildActionMask = 2147483647;
			files = (
				F16241F222DA6E9D007FBF7B /* LaunchScreen.storyboard in Resources */,
				F16241EF22DA6E9D007FBF7B /* Assets.xcassets in Resources */,
				F16241ED22DA6E9C007FBF7B /* Main.storyboard in Resources */,
			);
			runOnlyForDeploymentPostprocessing = 0;
		};
		F16241F622DA6E9D007FBF7B /* Resources */ = {
			isa = PBXResourcesBuildPhase;
			buildActionMask = 2147483647;
			files = (
			);
			runOnlyForDeploymentPostprocessing = 0;
		};
		F162420122DA6E9D007FBF7B /* Resources */ = {
			isa = PBXResourcesBuildPhase;
			buildActionMask = 2147483647;
			files = (
			);
			runOnlyForDeploymentPostprocessing = 0;
		};
/* End PBXResourcesBuildPhase section */

/* Begin PBXSourcesBuildPhase section */
		F16241E022DA6E9C007FBF7B /* Sources */ = {
			isa = PBXSourcesBuildPhase;
			buildActionMask = 2147483647;
			files = (
				F16241EA22DA6E9C007FBF7B /* ViewController.swift in Sources */,
				F16241E822DA6E9C007FBF7B /* AppDelegate.swift in Sources */,
			);
			runOnlyForDeploymentPostprocessing = 0;
		};
		F16241F422DA6E9D007FBF7B /* Sources */ = {
			isa = PBXSourcesBuildPhase;
			buildActionMask = 2147483647;
			files = (
				F16241FD22DA6E9D007FBF7B /* CanvasDemoTests.swift in Sources */,
			);
			runOnlyForDeploymentPostprocessing = 0;
		};
		F16241FF22DA6E9D007FBF7B /* Sources */ = {
			isa = PBXSourcesBuildPhase;
			buildActionMask = 2147483647;
			files = (
				F162420822DA6E9D007FBF7B /* CanvasDemoUITests.swift in Sources */,
			);
			runOnlyForDeploymentPostprocessing = 0;
		};
/* End PBXSourcesBuildPhase section */

/* Begin PBXTargetDependency section */
		F16241FA22DA6E9D007FBF7B /* PBXTargetDependency */ = {
			isa = PBXTargetDependency;
			target = F16241E322DA6E9C007FBF7B /* CanvasDemo */;
			targetProxy = F16241F922DA6E9D007FBF7B /* PBXContainerItemProxy */;
		};
		F162420522DA6E9D007FBF7B /* PBXTargetDependency */ = {
			isa = PBXTargetDependency;
			target = F16241E322DA6E9C007FBF7B /* CanvasDemo */;
			targetProxy = F162420422DA6E9D007FBF7B /* PBXContainerItemProxy */;
		};
/* End PBXTargetDependency section */

/* Begin PBXVariantGroup section */
		F16241EB22DA6E9C007FBF7B /* Main.storyboard */ = {
			isa = PBXVariantGroup;
			children = (
				F16241EC22DA6E9C007FBF7B /* Base */,
			);
			name = Main.storyboard;
			sourceTree = "<group>";
		};
		F16241F022DA6E9D007FBF7B /* LaunchScreen.storyboard */ = {
			isa = PBXVariantGroup;
			children = (
				F16241F122DA6E9D007FBF7B /* Base */,
			);
			name = LaunchScreen.storyboard;
			sourceTree = "<group>";
		};
/* End PBXVariantGroup section */

/* Begin XCBuildConfiguration section */
		F162420A22DA6E9D007FBF7B /* Debug */ = {
			isa = XCBuildConfiguration;
			buildSettings = {
				ALWAYS_SEARCH_USER_PATHS = NO;
				CLANG_ANALYZER_NONNULL = YES;
				CLANG_ANALYZER_NUMBER_OBJECT_CONVERSION = YES_AGGRESSIVE;
				CLANG_CXX_LANGUAGE_STANDARD = "gnu++14";
				CLANG_CXX_LIBRARY = "libc++";
				CLANG_ENABLE_MODULES = YES;
				CLANG_ENABLE_OBJC_ARC = YES;
				CLANG_ENABLE_OBJC_WEAK = YES;
				CLANG_WARN_BLOCK_CAPTURE_AUTORELEASING = YES;
				CLANG_WARN_BOOL_CONVERSION = YES;
				CLANG_WARN_COMMA = YES;
				CLANG_WARN_CONSTANT_CONVERSION = YES;
				CLANG_WARN_DEPRECATED_OBJC_IMPLEMENTATIONS = YES;
				CLANG_WARN_DIRECT_OBJC_ISA_USAGE = YES_ERROR;
				CLANG_WARN_DOCUMENTATION_COMMENTS = YES;
				CLANG_WARN_EMPTY_BODY = YES;
				CLANG_WARN_ENUM_CONVERSION = YES;
				CLANG_WARN_INFINITE_RECURSION = YES;
				CLANG_WARN_INT_CONVERSION = YES;
				CLANG_WARN_NON_LITERAL_NULL_CONVERSION = YES;
				CLANG_WARN_OBJC_IMPLICIT_RETAIN_SELF = YES;
				CLANG_WARN_OBJC_LITERAL_CONVERSION = YES;
				CLANG_WARN_OBJC_ROOT_CLASS = YES_ERROR;
				CLANG_WARN_QUOTED_INCLUDE_IN_FRAMEWORK_HEADER = YES;
				CLANG_WARN_RANGE_LOOP_ANALYSIS = YES;
				CLANG_WARN_STRICT_PROTOTYPES = YES;
				CLANG_WARN_SUSPICIOUS_MOVE = YES;
				CLANG_WARN_UNGUARDED_AVAILABILITY = YES_AGGRESSIVE;
				CLANG_WARN_UNREACHABLE_CODE = YES;
				CLANG_WARN__DUPLICATE_METHOD_MATCH = YES;
				CODE_SIGN_IDENTITY = "iPhone Developer";
				COPY_PHASE_STRIP = NO;
				DEBUG_INFORMATION_FORMAT = dwarf;
				ENABLE_STRICT_OBJC_MSGSEND = YES;
				ENABLE_TESTABILITY = YES;
				GCC_C_LANGUAGE_STANDARD = gnu11;
				GCC_DYNAMIC_NO_PIC = NO;
				GCC_NO_COMMON_BLOCKS = YES;
				GCC_OPTIMIZATION_LEVEL = 0;
				GCC_PREPROCESSOR_DEFINITIONS = (
					"DEBUG=1",
					"$(inherited)",
				);
				GCC_WARN_64_TO_32_BIT_CONVERSION = YES;
				GCC_WARN_ABOUT_RETURN_TYPE = YES_ERROR;
				GCC_WARN_UNDECLARED_SELECTOR = YES;
				GCC_WARN_UNINITIALIZED_AUTOS = YES_AGGRESSIVE;
				GCC_WARN_UNUSED_FUNCTION = YES;
				GCC_WARN_UNUSED_VARIABLE = YES;
				IPHONEOS_DEPLOYMENT_TARGET = 12.2;
				MTL_ENABLE_DEBUG_INFO = INCLUDE_SOURCE;
				MTL_FAST_MATH = YES;
				ONLY_ACTIVE_ARCH = YES;
				SDKROOT = iphoneos;
				SWIFT_ACTIVE_COMPILATION_CONDITIONS = DEBUG;
				SWIFT_OPTIMIZATION_LEVEL = "-Onone";
			};
			name = Debug;
		};
		F162420B22DA6E9D007FBF7B /* Release */ = {
			isa = XCBuildConfiguration;
			buildSettings = {
				ALWAYS_SEARCH_USER_PATHS = NO;
				CLANG_ANALYZER_NONNULL = YES;
				CLANG_ANALYZER_NUMBER_OBJECT_CONVERSION = YES_AGGRESSIVE;
				CLANG_CXX_LANGUAGE_STANDARD = "gnu++14";
				CLANG_CXX_LIBRARY = "libc++";
				CLANG_ENABLE_MODULES = YES;
				CLANG_ENABLE_OBJC_ARC = YES;
				CLANG_ENABLE_OBJC_WEAK = YES;
				CLANG_WARN_BLOCK_CAPTURE_AUTORELEASING = YES;
				CLANG_WARN_BOOL_CONVERSION = YES;
				CLANG_WARN_COMMA = YES;
				CLANG_WARN_CONSTANT_CONVERSION = YES;
				CLANG_WARN_DEPRECATED_OBJC_IMPLEMENTATIONS = YES;
				CLANG_WARN_DIRECT_OBJC_ISA_USAGE = YES_ERROR;
				CLANG_WARN_DOCUMENTATION_COMMENTS = YES;
				CLANG_WARN_EMPTY_BODY = YES;
				CLANG_WARN_ENUM_CONVERSION = YES;
				CLANG_WARN_INFINITE_RECURSION = YES;
				CLANG_WARN_INT_CONVERSION = YES;
				CLANG_WARN_NON_LITERAL_NULL_CONVERSION = YES;
				CLANG_WARN_OBJC_IMPLICIT_RETAIN_SELF = YES;
				CLANG_WARN_OBJC_LITERAL_CONVERSION = YES;
				CLANG_WARN_OBJC_ROOT_CLASS = YES_ERROR;
				CLANG_WARN_QUOTED_INCLUDE_IN_FRAMEWORK_HEADER = YES;
				CLANG_WARN_RANGE_LOOP_ANALYSIS = YES;
				CLANG_WARN_STRICT_PROTOTYPES = YES;
				CLANG_WARN_SUSPICIOUS_MOVE = YES;
				CLANG_WARN_UNGUARDED_AVAILABILITY = YES_AGGRESSIVE;
				CLANG_WARN_UNREACHABLE_CODE = YES;
				CLANG_WARN__DUPLICATE_METHOD_MATCH = YES;
				CODE_SIGN_IDENTITY = "iPhone Developer";
				COPY_PHASE_STRIP = NO;
				DEBUG_INFORMATION_FORMAT = "dwarf-with-dsym";
				ENABLE_NS_ASSERTIONS = NO;
				ENABLE_STRICT_OBJC_MSGSEND = YES;
				GCC_C_LANGUAGE_STANDARD = gnu11;
				GCC_NO_COMMON_BLOCKS = YES;
				GCC_WARN_64_TO_32_BIT_CONVERSION = YES;
				GCC_WARN_ABOUT_RETURN_TYPE = YES_ERROR;
				GCC_WARN_UNDECLARED_SELECTOR = YES;
				GCC_WARN_UNINITIALIZED_AUTOS = YES_AGGRESSIVE;
				GCC_WARN_UNUSED_FUNCTION = YES;
				GCC_WARN_UNUSED_VARIABLE = YES;
				IPHONEOS_DEPLOYMENT_TARGET = 12.2;
				MTL_ENABLE_DEBUG_INFO = NO;
				MTL_FAST_MATH = YES;
				SDKROOT = iphoneos;
				SWIFT_COMPILATION_MODE = wholemodule;
				SWIFT_OPTIMIZATION_LEVEL = "-O";
				VALIDATE_PRODUCT = YES;
			};
			name = Release;
		};
		F162420D22DA6E9D007FBF7B /* Debug */ = {
			isa = XCBuildConfiguration;
			buildSettings = {
				ALWAYS_SEARCH_USER_PATHS = NO;
				ASSETCATALOG_COMPILER_APPICON_NAME = AppIcon;
				BUILD_LIBRARY_FOR_DISTRIBUTION = NO;
				CLANG_ALLOW_NON_MODULAR_INCLUDES_IN_FRAMEWORK_MODULES = YES;
				CODE_SIGN_ENTITLEMENTS = CanvasDemo/CanvasDemo.entitlements;
				CODE_SIGN_STYLE = Automatic;
				DEVELOPMENT_TEAM = TG7LSJHB64;
				ENABLE_BITCODE = NO;
				FRAMEWORK_SEARCH_PATHS = "$(inherited)";
				HEADER_SEARCH_PATHS = "$(inherited)";
				INFOPLIST_FILE = CanvasDemo/Info.plist;
				IPHONEOS_DEPLOYMENT_TARGET = 12.0;
				"IPHONEOS_DEPLOYMENT_TARGET[sdk=macosx*]" = 14.2;
				LD_RUNPATH_SEARCH_PATHS = (
					"$(inherited)",
					"@executable_path/Frameworks",
				);
				LIBRARY_SEARCH_PATHS = "$(inherited)";
				MODULEMAP_PRIVATE_FILE = "";
				ONLY_ACTIVE_ARCH = YES;
				OTHER_LDFLAGS = "$(inherited)";
				PRODUCT_BUNDLE_IDENTIFIER = com.github.triniwiz.CanvasDemo;
				PRODUCT_NAME = "$(TARGET_NAME)";
				SUPPORTED_PLATFORMS = "iphoneos iphonesimulator";
				SUPPORTS_MACCATALYST = NO;
				SUPPORTS_MAC_DESIGNED_FOR_IPHONE_IPAD = NO;
				SWIFT_INSTALL_OBJC_HEADER = NO;
				"SWIFT_OBJC_BRIDGING_HEADER[arch=*]" = "";
				SWIFT_PRECOMPILE_BRIDGING_HEADER = NO;
				SWIFT_VERSION = 5.0;
				TARGETED_DEVICE_FAMILY = "1,2";
			};
			name = Debug;
		};
		F162420E22DA6E9D007FBF7B /* Release */ = {
			isa = XCBuildConfiguration;
			buildSettings = {
				ALWAYS_SEARCH_USER_PATHS = NO;
				ASSETCATALOG_COMPILER_APPICON_NAME = AppIcon;
				BUILD_LIBRARY_FOR_DISTRIBUTION = NO;
				CLANG_ALLOW_NON_MODULAR_INCLUDES_IN_FRAMEWORK_MODULES = YES;
				CODE_SIGN_ENTITLEMENTS = CanvasDemo/CanvasDemo.entitlements;
				CODE_SIGN_STYLE = Automatic;
				DEVELOPMENT_TEAM = TG7LSJHB64;
				ENABLE_BITCODE = NO;
				FRAMEWORK_SEARCH_PATHS = "$(inherited)";
				HEADER_SEARCH_PATHS = "$(inherited)";
				INFOPLIST_FILE = CanvasDemo/Info.plist;
				IPHONEOS_DEPLOYMENT_TARGET = 12.0;
				"IPHONEOS_DEPLOYMENT_TARGET[sdk=macosx*]" = 14.2;
				LD_RUNPATH_SEARCH_PATHS = (
					"$(inherited)",
					"@executable_path/Frameworks",
				);
				LIBRARY_SEARCH_PATHS = "$(inherited)";
				MODULEMAP_PRIVATE_FILE = "";
				ONLY_ACTIVE_ARCH = YES;
				OTHER_LDFLAGS = "$(inherited)";
				PRODUCT_BUNDLE_IDENTIFIER = com.github.triniwiz.CanvasDemo;
				PRODUCT_NAME = "$(TARGET_NAME)";
				SUPPORTED_PLATFORMS = "iphoneos iphonesimulator";
				SUPPORTS_MACCATALYST = NO;
				SUPPORTS_MAC_DESIGNED_FOR_IPHONE_IPAD = NO;
				SWIFT_INSTALL_OBJC_HEADER = NO;
				SWIFT_PRECOMPILE_BRIDGING_HEADER = NO;
				SWIFT_VERSION = 5.0;
				TARGETED_DEVICE_FAMILY = "1,2";
			};
			name = Release;
		};
		F162421022DA6E9D007FBF7B /* Debug */ = {
			isa = XCBuildConfiguration;
			buildSettings = {
				ALWAYS_EMBED_SWIFT_STANDARD_LIBRARIES = YES;
				BUNDLE_LOADER = "$(TEST_HOST)";
				CODE_SIGN_STYLE = Automatic;
				INFOPLIST_FILE = CanvasDemoTests/Info.plist;
				LD_RUNPATH_SEARCH_PATHS = (
					"$(inherited)",
					"@executable_path/Frameworks",
					"@loader_path/Frameworks",
				);
				PRODUCT_BUNDLE_IDENTIFIER = com.github.triniwiz.CanvasDemoTests;
				PRODUCT_NAME = "$(TARGET_NAME)";
				SWIFT_VERSION = 5.0;
				TARGETED_DEVICE_FAMILY = "1,2";
				TEST_HOST = "$(BUILT_PRODUCTS_DIR)/CanvasDemo.app/CanvasDemo";
			};
			name = Debug;
		};
		F162421122DA6E9D007FBF7B /* Release */ = {
			isa = XCBuildConfiguration;
			buildSettings = {
				ALWAYS_EMBED_SWIFT_STANDARD_LIBRARIES = YES;
				BUNDLE_LOADER = "$(TEST_HOST)";
				CODE_SIGN_STYLE = Automatic;
				INFOPLIST_FILE = CanvasDemoTests/Info.plist;
				LD_RUNPATH_SEARCH_PATHS = (
					"$(inherited)",
					"@executable_path/Frameworks",
					"@loader_path/Frameworks",
				);
				PRODUCT_BUNDLE_IDENTIFIER = com.github.triniwiz.CanvasDemoTests;
				PRODUCT_NAME = "$(TARGET_NAME)";
				SWIFT_VERSION = 5.0;
				TARGETED_DEVICE_FAMILY = "1,2";
				TEST_HOST = "$(BUILT_PRODUCTS_DIR)/CanvasDemo.app/CanvasDemo";
			};
			name = Release;
		};
		F162421322DA6E9D007FBF7B /* Debug */ = {
			isa = XCBuildConfiguration;
			buildSettings = {
				ALWAYS_EMBED_SWIFT_STANDARD_LIBRARIES = YES;
				CODE_SIGN_STYLE = Automatic;
				INFOPLIST_FILE = CanvasDemoUITests/Info.plist;
				LD_RUNPATH_SEARCH_PATHS = (
					"$(inherited)",
					"@executable_path/Frameworks",
					"@loader_path/Frameworks",
				);
				PRODUCT_BUNDLE_IDENTIFIER = com.github.triniwiz.CanvasDemoUITests;
				PRODUCT_NAME = "$(TARGET_NAME)";
				SWIFT_VERSION = 5.0;
				TARGETED_DEVICE_FAMILY = "1,2";
				TEST_TARGET_NAME = CanvasDemo;
			};
			name = Debug;
		};
		F162421422DA6E9D007FBF7B /* Release */ = {
			isa = XCBuildConfiguration;
			buildSettings = {
				ALWAYS_EMBED_SWIFT_STANDARD_LIBRARIES = YES;
				CODE_SIGN_STYLE = Automatic;
				INFOPLIST_FILE = CanvasDemoUITests/Info.plist;
				LD_RUNPATH_SEARCH_PATHS = (
					"$(inherited)",
					"@executable_path/Frameworks",
					"@loader_path/Frameworks",
				);
				PRODUCT_BUNDLE_IDENTIFIER = com.github.triniwiz.CanvasDemoUITests;
				PRODUCT_NAME = "$(TARGET_NAME)";
				SWIFT_VERSION = 5.0;
				TARGETED_DEVICE_FAMILY = "1,2";
				TEST_TARGET_NAME = CanvasDemo;
			};
			name = Release;
		};
/* End XCBuildConfiguration section */

/* Begin XCConfigurationList section */
		F16241DF22DA6E9C007FBF7B /* Build configuration list for PBXProject "CanvasDemo" */ = {
			isa = XCConfigurationList;
			buildConfigurations = (
				F162420A22DA6E9D007FBF7B /* Debug */,
				F162420B22DA6E9D007FBF7B /* Release */,
			);
			defaultConfigurationIsVisible = 0;
			defaultConfigurationName = Debug;
		};
		F162420C22DA6E9D007FBF7B /* Build configuration list for PBXNativeTarget "CanvasDemo" */ = {
			isa = XCConfigurationList;
			buildConfigurations = (
				F162420D22DA6E9D007FBF7B /* Debug */,
				F162420E22DA6E9D007FBF7B /* Release */,
			);
			defaultConfigurationIsVisible = 0;
			defaultConfigurationName = Debug;
		};
		F162420F22DA6E9D007FBF7B /* Build configuration list for PBXNativeTarget "CanvasDemoTests" */ = {
			isa = XCConfigurationList;
			buildConfigurations = (
				F162421022DA6E9D007FBF7B /* Debug */,
				F162421122DA6E9D007FBF7B /* Release */,
			);
			defaultConfigurationIsVisible = 0;
			defaultConfigurationName = Debug;
		};
		F162421222DA6E9D007FBF7B /* Build configuration list for PBXNativeTarget "CanvasDemoUITests" */ = {
			isa = XCConfigurationList;
			buildConfigurations = (
				F162421322DA6E9D007FBF7B /* Debug */,
				F162421422DA6E9D007FBF7B /* Release */,
			);
			defaultConfigurationIsVisible = 0;
			defaultConfigurationName = Debug;
		};
/* End XCConfigurationList section */
	};
	rootObject = F16241DC22DA6E9C007FBF7B /* Project object */;
}
