// !$*UTF8*$!
{
	archiveVersion = 1;
	classes = {
	};
	objectVersion = 54;
	objects = {

/* Begin PBXBuildFile section */
		F11A1ABB25C238F100E60484 /* NSCSVG.swift in Sources */ = {isa = PBXBuildFile; fileRef = F11A1ABA25C238F100E60484 /* NSCSVG.swift */; };
		F11C5D142524403700538D04 /* CanvasNative.framework in Frameworks */ = {isa = PBXBuildFile; fileRef = F11C5D0A2524403700538D04 /* CanvasNative.framework */; };
		F11C5D192524403700538D04 /* CanvasNativeTests.swift in Sources */ = {isa = PBXBuildFile; fileRef = F11C5D182524403700538D04 /* CanvasNativeTests.swift */; };
		F11C5D1B2524403700538D04 /* CanvasNative.h in Headers */ = {isa = PBXBuildFile; fileRef = F11C5D0D2524403700538D04 /* CanvasNative.h */; settings = {ATTRIBUTES = (Public, ); }; };
		F134FE5029CCD5480051057B /* libresolv.tbd in Frameworks */ = {isa = PBXBuildFile; fileRef = F134FE4F29CCD5480051057B /* libresolv.tbd */; };
		F134FE5C29D005BE0051057B /* CanvasHelpers.swift in Sources */ = {isa = PBXBuildFile; fileRef = F134FE5B29D005BE0051057B /* CanvasHelpers.swift */; };
		F134FE7329D0BA210051057B /* canvas_native.h in Headers */ = {isa = PBXBuildFile; fileRef = F134FE7229D0BA210051057B /* canvas_native.h */; settings = {ATTRIBUTES = (Public, ); }; };
		F18165C72621CECC0051F06B /* NSCRender.swift in Sources */ = {isa = PBXBuildFile; fileRef = F18165C62621CECC0051F06B /* NSCRender.swift */; };
		F181661D26228CBA0051F06B /* NSCImageBitmap.swift in Sources */ = {isa = PBXBuildFile; fileRef = F181661C26228CBA0051F06B /* NSCImageBitmap.swift */; };
		F1A87C75255D00BA00394387 /* NSCCanvas.xib in Resources */ = {isa = PBXBuildFile; fileRef = F1A87C74255D00BA00394387 /* NSCCanvas.xib */; };
		F1D1AE292ADAAEAA005C140B /* canvas_ios.h in Headers */ = {isa = PBXBuildFile; fileRef = F1D1AE252ADAAEAA005C140B /* canvas_ios.h */; settings = {ATTRIBUTES = (Public, ); }; };
		F1DE2E4F2612F7CA0000D48F /* Utils.swift in Sources */ = {isa = PBXBuildFile; fileRef = F1DE2E4E2612F7CA0000D48F /* Utils.swift */; };
		F1FF6A6C25248CFF001DAE0D /* NSCCanvasListener.swift in Sources */ = {isa = PBXBuildFile; fileRef = F1FF6A3425248CFE001DAE0D /* NSCCanvasListener.swift */; };
		F1FF6A7825248CFF001DAE0D /* NSCCanvas.swift in Sources */ = {isa = PBXBuildFile; fileRef = F1FF6A4025248CFE001DAE0D /* NSCCanvas.swift */; };
		F1FF6A8225248CFF001DAE0D /* GLUtils.swift in Sources */ = {isa = PBXBuildFile; fileRef = F1FF6A4A25248CFE001DAE0D /* GLUtils.swift */; };
		F1FF6A9225248CFF001DAE0D /* NSCCanvasRenderingContext2D.swift in Sources */ = {isa = PBXBuildFile; fileRef = F1FF6A5A25248CFE001DAE0D /* NSCCanvasRenderingContext2D.swift */; };
		F1FF6A9825248CFF001DAE0D /* GLRenderer.swift in Sources */ = {isa = PBXBuildFile; fileRef = F1FF6A6025248CFF001DAE0D /* GLRenderer.swift */; };
		F1FF6A9C25248CFF001DAE0D /* NSCImageAsset.swift in Sources */ = {isa = PBXBuildFile; fileRef = F1FF6A6425248CFF001DAE0D /* NSCImageAsset.swift */; };
		F1FF6A9D25248CFF001DAE0D /* NSCCanvasRenderingContext.swift in Sources */ = {isa = PBXBuildFile; fileRef = F1FF6A6525248CFF001DAE0D /* NSCCanvasRenderingContext.swift */; };
/* End PBXBuildFile section */

/* Begin PBXContainerItemProxy section */
		F11C5D152524403700538D04 /* PBXContainerItemProxy */ = {
			isa = PBXContainerItemProxy;
			containerPortal = F11C5D012524403700538D04 /* Project object */;
			proxyType = 1;
			remoteGlobalIDString = F11C5D092524403700538D04;
			remoteInfo = CanvasNative;
		};
		F134FE6629D0164F0051057B /* PBXContainerItemProxy */ = {
			isa = PBXContainerItemProxy;
			containerPortal = F134FE6029D0164F0051057B /* CanvasDemo.xcodeproj */;
			proxyType = 2;
			remoteGlobalIDString = F16241E422DA6E9C007FBF7B;
			remoteInfo = CanvasDemo;
		};
		F134FE6829D0164F0051057B /* PBXContainerItemProxy */ = {
			isa = PBXContainerItemProxy;
			containerPortal = F134FE6029D0164F0051057B /* CanvasDemo.xcodeproj */;
			proxyType = 2;
			remoteGlobalIDString = F16241F822DA6E9D007FBF7B;
			remoteInfo = CanvasDemoTests;
		};
		F134FE6A29D0164F0051057B /* PBXContainerItemProxy */ = {
			isa = PBXContainerItemProxy;
			containerPortal = F134FE6029D0164F0051057B /* CanvasDemo.xcodeproj */;
			proxyType = 2;
			remoteGlobalIDString = F162420322DA6E9D007FBF7B;
			remoteInfo = CanvasDemoUITests;
		};
/* End PBXContainerItemProxy section */

/* Begin PBXFileReference section */
		F11A1ABA25C238F100E60484 /* NSCSVG.swift */ = {isa = PBXFileReference; lastKnownFileType = sourcecode.swift; name = NSCSVG.swift; path = CanvasNative/Source/NSCSVG.swift; sourceTree = "<group>"; };
		F11C5D0A2524403700538D04 /* CanvasNative.framework */ = {isa = PBXFileReference; explicitFileType = wrapper.framework; includeInIndex = 0; path = CanvasNative.framework; sourceTree = BUILT_PRODUCTS_DIR; };
		F11C5D0D2524403700538D04 /* CanvasNative.h */ = {isa = PBXFileReference; lastKnownFileType = sourcecode.c.h; path = CanvasNative.h; sourceTree = "<group>"; };
		F11C5D0E2524403700538D04 /* Info.plist */ = {isa = PBXFileReference; lastKnownFileType = text.plist.xml; path = Info.plist; sourceTree = "<group>"; };
		F11C5D132524403700538D04 /* CanvasNativeTests.xctest */ = {isa = PBXFileReference; explicitFileType = wrapper.cfbundle; includeInIndex = 0; path = CanvasNativeTests.xctest; sourceTree = BUILT_PRODUCTS_DIR; };
		F11C5D182524403700538D04 /* CanvasNativeTests.swift */ = {isa = PBXFileReference; lastKnownFileType = sourcecode.swift; path = CanvasNativeTests.swift; sourceTree = "<group>"; };
		F11C5D1A2524403700538D04 /* Info.plist */ = {isa = PBXFileReference; lastKnownFileType = text.plist.xml; path = Info.plist; sourceTree = "<group>"; };
		F134FE4F29CCD5480051057B /* libresolv.tbd */ = {isa = PBXFileReference; lastKnownFileType = "sourcecode.text-based-dylib-definition"; name = libresolv.tbd; path = usr/lib/libresolv.tbd; sourceTree = SDKROOT; };
		F134FE5729CE18DF0051057B /* GLKit.framework */ = {isa = PBXFileReference; lastKnownFileType = wrapper.framework; name = GLKit.framework; path = System/Library/Frameworks/GLKit.framework; sourceTree = SDKROOT; };
		F134FE5829CE18DF0051057B /* OpenGLES.framework */ = {isa = PBXFileReference; lastKnownFileType = wrapper.framework; name = OpenGLES.framework; path = System/Library/Frameworks/OpenGLES.framework; sourceTree = SDKROOT; };
		F134FE5B29D005BE0051057B /* CanvasHelpers.swift */ = {isa = PBXFileReference; lastKnownFileType = sourcecode.swift; name = CanvasHelpers.swift; path = CanvasNative/Source/CanvasHelpers.swift; sourceTree = "<group>"; };
		F134FE5D29D00F170051057B /* libcanvasnative.a */ = {isa = PBXFileReference; lastKnownFileType = archive.ar; name = libcanvasnative.a; path = "../canvas-native/target/aarch64-apple-ios-sim/release/libcanvasnative.a"; sourceTree = "<group>"; };
		F134FE6029D0164F0051057B /* CanvasDemo.xcodeproj */ = {isa = PBXFileReference; lastKnownFileType = "wrapper.pb-project"; name = CanvasDemo.xcodeproj; path = CanvasDemo/CanvasDemo.xcodeproj; sourceTree = "<group>"; };
		F134FE7229D0BA210051057B /* canvas_native.h */ = {isa = PBXFileReference; lastKnownFileType = sourcecode.c.h; name = canvas_native.h; path = CanvasNative/include/canvas_native.h; sourceTree = "<group>"; };
		F18165C62621CECC0051F06B /* NSCRender.swift */ = {isa = PBXFileReference; lastKnownFileType = sourcecode.swift; path = NSCRender.swift; sourceTree = "<group>"; };
		F181661C26228CBA0051F06B /* NSCImageBitmap.swift */ = {isa = PBXFileReference; lastKnownFileType = sourcecode.swift; path = NSCImageBitmap.swift; sourceTree = "<group>"; };
		F1A87C74255D00BA00394387 /* NSCCanvas.xib */ = {isa = PBXFileReference; lastKnownFileType = file.xib; path = NSCCanvas.xib; sourceTree = "<group>"; };
		F1D1AE252ADAAEAA005C140B /* canvas_ios.h */ = {isa = PBXFileReference; lastKnownFileType = sourcecode.c.h; name = canvas_ios.h; path = CanvasNative/include/canvas_ios.h; sourceTree = "<group>"; };
		F1DE2E4E2612F7CA0000D48F /* Utils.swift */ = {isa = PBXFileReference; lastKnownFileType = sourcecode.swift; path = Utils.swift; sourceTree = "<group>"; };
		F1FF57C2271E6BF0001CBF6D /* libcanvasnative.a */ = {isa = PBXFileReference; lastKnownFileType = archive.ar; name = libcanvasnative.a; path = "CanvasNative/libs/arm64-iphoneos/libcanvasnative.a"; sourceTree = "<group>"; };
		F1FF57C4271E6C01001CBF6D /* libcanvasnative.a */ = {isa = PBXFileReference; lastKnownFileType = archive.ar; name = libcanvasnative.a; path = CanvasNative/libs/iphonesimulator/libcanvasnative.a; sourceTree = "<group>"; };
		F1FF6A3425248CFE001DAE0D /* NSCCanvasListener.swift */ = {isa = PBXFileReference; lastKnownFileType = sourcecode.swift; name = NSCCanvasListener.swift; path = CanvasNative/Source/NSCCanvasListener.swift; sourceTree = "<group>"; };
		F1FF6A4025248CFE001DAE0D /* NSCCanvas.swift */ = {isa = PBXFileReference; lastKnownFileType = sourcecode.swift; name = NSCCanvas.swift; path = CanvasNative/Source/NSCCanvas.swift; sourceTree = "<group>"; };
		F1FF6A4A25248CFE001DAE0D /* GLUtils.swift */ = {isa = PBXFileReference; lastKnownFileType = sourcecode.swift; name = GLUtils.swift; path = CanvasNative/Source/GLUtils.swift; sourceTree = "<group>"; };
		F1FF6A5A25248CFE001DAE0D /* NSCCanvasRenderingContext2D.swift */ = {isa = PBXFileReference; lastKnownFileType = sourcecode.swift; path = NSCCanvasRenderingContext2D.swift; sourceTree = "<group>"; };
		F1FF6A6025248CFF001DAE0D /* GLRenderer.swift */ = {isa = PBXFileReference; lastKnownFileType = sourcecode.swift; name = GLRenderer.swift; path = CanvasNative/Source/GLRenderer.swift; sourceTree = "<group>"; };
		F1FF6A6425248CFF001DAE0D /* NSCImageAsset.swift */ = {isa = PBXFileReference; lastKnownFileType = sourcecode.swift; name = NSCImageAsset.swift; path = CanvasNative/Source/NSCImageAsset.swift; sourceTree = "<group>"; };
		F1FF6A6525248CFF001DAE0D /* NSCCanvasRenderingContext.swift */ = {isa = PBXFileReference; lastKnownFileType = sourcecode.swift; name = NSCCanvasRenderingContext.swift; path = CanvasNative/Source/NSCCanvasRenderingContext.swift; sourceTree = "<group>"; };
/* End PBXFileReference section */

/* Begin PBXFrameworksBuildPhase section */
		F11C5D072524403700538D04 /* Frameworks */ = {
			isa = PBXFrameworksBuildPhase;
			buildActionMask = 2147483647;
			files = (
				F134FE5029CCD5480051057B /* libresolv.tbd in Frameworks */,
			);
			runOnlyForDeploymentPostprocessing = 0;
		};
		F11C5D102524403700538D04 /* Frameworks */ = {
			isa = PBXFrameworksBuildPhase;
			buildActionMask = 2147483647;
			files = (
				F11C5D142524403700538D04 /* CanvasNative.framework in Frameworks */,
			);
			runOnlyForDeploymentPostprocessing = 0;
		};
/* End PBXFrameworksBuildPhase section */

/* Begin PBXGroup section */
		F11C5D002524403700538D04 = {
			isa = PBXGroup;
			children = (
				F1D1AE252ADAAEAA005C140B /* canvas_ios.h */,
				F134FE7229D0BA210051057B /* canvas_native.h */,
				F134FE6029D0164F0051057B /* CanvasDemo.xcodeproj */,
				F134FE5B29D005BE0051057B /* CanvasHelpers.swift */,
				F181661C26228CBA0051F06B /* NSCImageBitmap.swift */,
				F18165C62621CECC0051F06B /* NSCRender.swift */,
				F1DE2E4E2612F7CA0000D48F /* Utils.swift */,
				F11A1ABA25C238F100E60484 /* NSCSVG.swift */,
				F1A87C74255D00BA00394387 /* NSCCanvas.xib */,
				F1FF6A5A25248CFE001DAE0D /* NSCCanvasRenderingContext2D.swift */,
				F1FF6A6025248CFF001DAE0D /* GLRenderer.swift */,
				F1FF6A4A25248CFE001DAE0D /* GLUtils.swift */,
				F1FF6A4025248CFE001DAE0D /* NSCCanvas.swift */,
				F1FF6A3425248CFE001DAE0D /* NSCCanvasListener.swift */,
				F1FF6A6525248CFF001DAE0D /* NSCCanvasRenderingContext.swift */,
				F1FF6A6425248CFF001DAE0D /* NSCImageAsset.swift */,
				F11C5D0C2524403700538D04 /* CanvasNative */,
				F11C5D172524403700538D04 /* CanvasNativeTests */,
				F11C5D0B2524403700538D04 /* Products */,
				F1FF57C1271E6BF0001CBF6D /* Frameworks */,
			);
			sourceTree = "<group>";
		};
		F11C5D0B2524403700538D04 /* Products */ = {
			isa = PBXGroup;
			children = (
				F11C5D0A2524403700538D04 /* CanvasNative.framework */,
				F11C5D132524403700538D04 /* CanvasNativeTests.xctest */,
			);
			name = Products;
			sourceTree = "<group>";
		};
		F11C5D0C2524403700538D04 /* CanvasNative */ = {
			isa = PBXGroup;
			children = (
				F11C5D0D2524403700538D04 /* CanvasNative.h */,
				F11C5D0E2524403700538D04 /* Info.plist */,
			);
			path = CanvasNative;
			sourceTree = "<group>";
		};
		F11C5D172524403700538D04 /* CanvasNativeTests */ = {
			isa = PBXGroup;
			children = (
				F11C5D182524403700538D04 /* CanvasNativeTests.swift */,
				F11C5D1A2524403700538D04 /* Info.plist */,
			);
			path = CanvasNativeTests;
			sourceTree = "<group>";
		};
		F134FE6129D0164F0051057B /* Products */ = {
			isa = PBXGroup;
			children = (
				F134FE6729D0164F0051057B /* CanvasDemo.app */,
				F134FE6929D0164F0051057B /* CanvasDemoTests.xctest */,
				F134FE6B29D0164F0051057B /* CanvasDemoUITests.xctest */,
			);
			name = Products;
			sourceTree = "<group>";
		};
		F1FF57C1271E6BF0001CBF6D /* Frameworks */ = {
			isa = PBXGroup;
			children = (
				F134FE5D29D00F170051057B /* libcanvasnative.a */,
				F134FE5729CE18DF0051057B /* GLKit.framework */,
				F134FE5829CE18DF0051057B /* OpenGLES.framework */,
				F134FE4F29CCD5480051057B /* libresolv.tbd */,
				F1FF57C4271E6C01001CBF6D /* libcanvasnative.a */,
				F1FF57C2271E6BF0001CBF6D /* libcanvasnative.a */,
			);
			name = Frameworks;
			sourceTree = "<group>";
		};
/* End PBXGroup section */

/* Begin PBXHeadersBuildPhase section */
		F11C5D052524403700538D04 /* Headers */ = {
			isa = PBXHeadersBuildPhase;
			buildActionMask = 2147483647;
			files = (
				F11C5D1B2524403700538D04 /* CanvasNative.h in Headers */,
				F1D1AE292ADAAEAA005C140B /* canvas_ios.h in Headers */,
				F134FE7329D0BA210051057B /* canvas_native.h in Headers */,
			);
			runOnlyForDeploymentPostprocessing = 0;
		};
/* End PBXHeadersBuildPhase section */

/* Begin PBXNativeTarget section */
		F11C5D092524403700538D04 /* CanvasNative */ = {
			isa = PBXNativeTarget;
			buildConfigurationList = F11C5D1E2524403700538D04 /* Build configuration list for PBXNativeTarget "CanvasNative" */;
			buildPhases = (
				F1024FB629CA1B3800FD78D8 /* Prebuild Canvas */,
				F11C5D052524403700538D04 /* Headers */,
				F11C5D062524403700538D04 /* Sources */,
				F11C5D072524403700538D04 /* Frameworks */,
				F11C5D082524403700538D04 /* Resources */,
			);
			buildRules = (
			);
			dependencies = (
			);
			name = CanvasNative;
			productName = CanvasNative;
			productReference = F11C5D0A2524403700538D04 /* CanvasNative.framework */;
			productType = "com.apple.product-type.framework";
		};
		F11C5D122524403700538D04 /* CanvasNativeTests */ = {
			isa = PBXNativeTarget;
			buildConfigurationList = F11C5D212524403700538D04 /* Build configuration list for PBXNativeTarget "CanvasNativeTests" */;
			buildPhases = (
				F11C5D0F2524403700538D04 /* Sources */,
				F11C5D102524403700538D04 /* Frameworks */,
				F11C5D112524403700538D04 /* Resources */,
			);
			buildRules = (
			);
			dependencies = (
				F11C5D162524403700538D04 /* PBXTargetDependency */,
			);
			name = CanvasNativeTests;
			productName = CanvasNativeTests;
			productReference = F11C5D132524403700538D04 /* CanvasNativeTests.xctest */;
			productType = "com.apple.product-type.bundle.unit-test";
		};
/* End PBXNativeTarget section */

/* Begin PBXProject section */
		F11C5D012524403700538D04 /* Project object */ = {
			isa = PBXProject;
			attributes = {
				LastSwiftUpdateCheck = 1200;
				LastUpgradeCheck = 1400;
				TargetAttributes = {
					F11C5D092524403700538D04 = {
						CreatedOnToolsVersion = 12.0.1;
					};
					F11C5D122524403700538D04 = {
						CreatedOnToolsVersion = 12.0.1;
					};
				};
			};
			buildConfigurationList = F11C5D042524403700538D04 /* Build configuration list for PBXProject "CanvasNative" */;
			compatibilityVersion = "Xcode 9.3";
			developmentRegion = en;
			hasScannedForEncodings = 0;
			knownRegions = (
				en,
				Base,
			);
			mainGroup = F11C5D002524403700538D04;
			productRefGroup = F11C5D0B2524403700538D04 /* Products */;
			projectDirPath = "";
			projectReferences = (
				{
					ProductGroup = F134FE6129D0164F0051057B /* Products */;
					ProjectRef = F134FE6029D0164F0051057B /* CanvasDemo.xcodeproj */;
				},
			);
			projectRoot = "";
			targets = (
				F11C5D092524403700538D04 /* CanvasNative */,
				F11C5D122524403700538D04 /* CanvasNativeTests */,
			);
		};
/* End PBXProject section */

/* Begin PBXReferenceProxy section */
		F134FE6729D0164F0051057B /* CanvasDemo.app */ = {
			isa = PBXReferenceProxy;
			fileType = wrapper.application;
			path = CanvasDemo.app;
			remoteRef = F134FE6629D0164F0051057B /* PBXContainerItemProxy */;
			sourceTree = BUILT_PRODUCTS_DIR;
		};
		F134FE6929D0164F0051057B /* CanvasDemoTests.xctest */ = {
			isa = PBXReferenceProxy;
			fileType = wrapper.cfbundle;
			path = CanvasDemoTests.xctest;
			remoteRef = F134FE6829D0164F0051057B /* PBXContainerItemProxy */;
			sourceTree = BUILT_PRODUCTS_DIR;
		};
		F134FE6B29D0164F0051057B /* CanvasDemoUITests.xctest */ = {
			isa = PBXReferenceProxy;
			fileType = wrapper.cfbundle;
			path = CanvasDemoUITests.xctest;
			remoteRef = F134FE6A29D0164F0051057B /* PBXContainerItemProxy */;
			sourceTree = BUILT_PRODUCTS_DIR;
		};
/* End PBXReferenceProxy section */

/* Begin PBXResourcesBuildPhase section */
		F11C5D082524403700538D04 /* Resources */ = {
			isa = PBXResourcesBuildPhase;
			buildActionMask = 2147483647;
			files = (
				F1A87C75255D00BA00394387 /* NSCCanvas.xib in Resources */,
			);
			runOnlyForDeploymentPostprocessing = 0;
		};
		F11C5D112524403700538D04 /* Resources */ = {
			isa = PBXResourcesBuildPhase;
			buildActionMask = 2147483647;
			files = (
			);
			runOnlyForDeploymentPostprocessing = 0;
		};
/* End PBXResourcesBuildPhase section */

/* Begin PBXShellScriptBuildPhase section */
		F1024FB629CA1B3800FD78D8 /* Prebuild Canvas */ = {
			isa = PBXShellScriptBuildPhase;
			alwaysOutOfDate = 1;
			buildActionMask = 2147483647;
			files = (
			);
			inputFileListPaths = (
			);
			inputPaths = (
			);
			name = "Prebuild Canvas";
			outputFileListPaths = (
			);
			outputPaths = (
			);
			runOnlyForDeploymentPostprocessing = 0;
			shellPath = /bin/sh;
			shellScript = "set -e\n\"$SRCROOT/pre-build.sh\"\n";
			showEnvVarsInLog = 0;
		};
/* End PBXShellScriptBuildPhase section */

/* Begin PBXSourcesBuildPhase section */
		F11C5D062524403700538D04 /* Sources */ = {
			isa = PBXSourcesBuildPhase;
			buildActionMask = 2147483647;
			files = (
				F1FF6A6C25248CFF001DAE0D /* NSCCanvasListener.swift in Sources */,
				F134FE5C29D005BE0051057B /* CanvasHelpers.swift in Sources */,
				F1FF6A7825248CFF001DAE0D /* NSCCanvas.swift in Sources */,
				F1FF6A8225248CFF001DAE0D /* GLUtils.swift in Sources */,
				F18165C72621CECC0051F06B /* NSCRender.swift in Sources */,
				F11A1ABB25C238F100E60484 /* NSCSVG.swift in Sources */,
				F181661D26228CBA0051F06B /* NSCImageBitmap.swift in Sources */,
				F1DE2E4F2612F7CA0000D48F /* Utils.swift in Sources */,
				F1FF6A9225248CFF001DAE0D /* NSCCanvasRenderingContext2D.swift in Sources */,
				F1FF6A9825248CFF001DAE0D /* GLRenderer.swift in Sources */,
				F1FF6A9C25248CFF001DAE0D /* NSCImageAsset.swift in Sources */,
				F1FF6A9D25248CFF001DAE0D /* NSCCanvasRenderingContext.swift in Sources */,
			);
			runOnlyForDeploymentPostprocessing = 0;
		};
		F11C5D0F2524403700538D04 /* Sources */ = {
			isa = PBXSourcesBuildPhase;
			buildActionMask = 2147483647;
			files = (
				F11C5D192524403700538D04 /* CanvasNativeTests.swift in Sources */,
			);
			runOnlyForDeploymentPostprocessing = 0;
		};
/* End PBXSourcesBuildPhase section */

/* Begin PBXTargetDependency section */
		F11C5D162524403700538D04 /* PBXTargetDependency */ = {
			isa = PBXTargetDependency;
			target = F11C5D092524403700538D04 /* CanvasNative */;
			targetProxy = F11C5D152524403700538D04 /* PBXContainerItemProxy */;
		};
/* End PBXTargetDependency section */

/* Begin XCBuildConfiguration section */
		F11C5D1C2524403700538D04 /* Debug */ = {
			isa = XCBuildConfiguration;
			buildSettings = {
				ALWAYS_SEARCH_USER_PATHS = NO;
				CLANG_ANALYZER_NONNULL = YES;
				CLANG_ANALYZER_NUMBER_OBJECT_CONVERSION = YES_AGGRESSIVE;
				CLANG_CXX_LANGUAGE_STANDARD = "gnu++14";
				CLANG_CXX_LIBRARY = "libc++";
				CLANG_ENABLE_MODULES = YES;
				CLANG_ENABLE_OBJC_ARC = YES;
				CLANG_ENABLE_OBJC_WEAK = YES;
				CLANG_WARN_BLOCK_CAPTURE_AUTORELEASING = YES;
				CLANG_WARN_BOOL_CONVERSION = YES;
				CLANG_WARN_COMMA = YES;
				CLANG_WARN_CONSTANT_CONVERSION = YES;
				CLANG_WARN_DEPRECATED_OBJC_IMPLEMENTATIONS = YES;
				CLANG_WARN_DIRECT_OBJC_ISA_USAGE = YES_ERROR;
				CLANG_WARN_DOCUMENTATION_COMMENTS = YES;
				CLANG_WARN_EMPTY_BODY = YES;
				CLANG_WARN_ENUM_CONVERSION = YES;
				CLANG_WARN_INFINITE_RECURSION = YES;
				CLANG_WARN_INT_CONVERSION = YES;
				CLANG_WARN_NON_LITERAL_NULL_CONVERSION = YES;
				CLANG_WARN_OBJC_IMPLICIT_RETAIN_SELF = YES;
				CLANG_WARN_OBJC_LITERAL_CONVERSION = YES;
				CLANG_WARN_OBJC_ROOT_CLASS = YES_ERROR;
				CLANG_WARN_QUOTED_INCLUDE_IN_FRAMEWORK_HEADER = YES;
				CLANG_WARN_RANGE_LOOP_ANALYSIS = YES;
				CLANG_WARN_STRICT_PROTOTYPES = YES;
				CLANG_WARN_SUSPICIOUS_MOVE = YES;
				CLANG_WARN_UNGUARDED_AVAILABILITY = YES_AGGRESSIVE;
				CLANG_WARN_UNREACHABLE_CODE = YES;
				CLANG_WARN__DUPLICATE_METHOD_MATCH = YES;
				COPY_PHASE_STRIP = NO;
				CURRENT_PROJECT_VERSION = 1;
				DEBUG_INFORMATION_FORMAT = dwarf;
				ENABLE_STRICT_OBJC_MSGSEND = YES;
				ENABLE_TESTABILITY = YES;
				GCC_C_LANGUAGE_STANDARD = gnu11;
				GCC_DYNAMIC_NO_PIC = NO;
				GCC_NO_COMMON_BLOCKS = YES;
				GCC_OPTIMIZATION_LEVEL = 0;
				GCC_PREPROCESSOR_DEFINITIONS = (
					"DEBUG=1",
					"$(inherited)",
				);
				GCC_WARN_64_TO_32_BIT_CONVERSION = YES;
				GCC_WARN_ABOUT_RETURN_TYPE = YES_ERROR;
				GCC_WARN_UNDECLARED_SELECTOR = YES;
				GCC_WARN_UNINITIALIZED_AUTOS = YES_AGGRESSIVE;
				GCC_WARN_UNUSED_FUNCTION = YES;
				GCC_WARN_UNUSED_VARIABLE = YES;
				IPHONEOS_DEPLOYMENT_TARGET = 11.0;
				MTL_ENABLE_DEBUG_INFO = INCLUDE_SOURCE;
				MTL_FAST_MATH = YES;
				ONLY_ACTIVE_ARCH = YES;
				SDKROOT = iphoneos;
				SWIFT_ACTIVE_COMPILATION_CONDITIONS = DEBUG;
				SWIFT_OPTIMIZATION_LEVEL = "-Onone";
				VERSIONING_SYSTEM = "apple-generic";
				VERSION_INFO_PREFIX = "";
			};
			name = Debug;
		};
		F11C5D1D2524403700538D04 /* Release */ = {
			isa = XCBuildConfiguration;
			buildSettings = {
				ALWAYS_SEARCH_USER_PATHS = NO;
				CLANG_ANALYZER_NONNULL = YES;
				CLANG_ANALYZER_NUMBER_OBJECT_CONVERSION = YES_AGGRESSIVE;
				CLANG_CXX_LANGUAGE_STANDARD = "gnu++14";
				CLANG_CXX_LIBRARY = "libc++";
				CLANG_ENABLE_MODULES = YES;
				CLANG_ENABLE_OBJC_ARC = YES;
				CLANG_ENABLE_OBJC_WEAK = YES;
				CLANG_WARN_BLOCK_CAPTURE_AUTORELEASING = YES;
				CLANG_WARN_BOOL_CONVERSION = YES;
				CLANG_WARN_COMMA = YES;
				CLANG_WARN_CONSTANT_CONVERSION = YES;
				CLANG_WARN_DEPRECATED_OBJC_IMPLEMENTATIONS = YES;
				CLANG_WARN_DIRECT_OBJC_ISA_USAGE = YES_ERROR;
				CLANG_WARN_DOCUMENTATION_COMMENTS = YES;
				CLANG_WARN_EMPTY_BODY = YES;
				CLANG_WARN_ENUM_CONVERSION = YES;
				CLANG_WARN_INFINITE_RECURSION = YES;
				CLANG_WARN_INT_CONVERSION = YES;
				CLANG_WARN_NON_LITERAL_NULL_CONVERSION = YES;
				CLANG_WARN_OBJC_IMPLICIT_RETAIN_SELF = YES;
				CLANG_WARN_OBJC_LITERAL_CONVERSION = YES;
				CLANG_WARN_OBJC_ROOT_CLASS = YES_ERROR;
				CLANG_WARN_QUOTED_INCLUDE_IN_FRAMEWORK_HEADER = YES;
				CLANG_WARN_RANGE_LOOP_ANALYSIS = YES;
				CLANG_WARN_STRICT_PROTOTYPES = YES;
				CLANG_WARN_SUSPICIOUS_MOVE = YES;
				CLANG_WARN_UNGUARDED_AVAILABILITY = YES_AGGRESSIVE;
				CLANG_WARN_UNREACHABLE_CODE = YES;
				CLANG_WARN__DUPLICATE_METHOD_MATCH = YES;
				COPY_PHASE_STRIP = NO;
				CURRENT_PROJECT_VERSION = 1;
				DEBUG_INFORMATION_FORMAT = "dwarf-with-dsym";
				ENABLE_NS_ASSERTIONS = NO;
				ENABLE_STRICT_OBJC_MSGSEND = YES;
				GCC_C_LANGUAGE_STANDARD = gnu11;
				GCC_NO_COMMON_BLOCKS = YES;
				GCC_WARN_64_TO_32_BIT_CONVERSION = YES;
				GCC_WARN_ABOUT_RETURN_TYPE = YES_ERROR;
				GCC_WARN_UNDECLARED_SELECTOR = YES;
				GCC_WARN_UNINITIALIZED_AUTOS = YES_AGGRESSIVE;
				GCC_WARN_UNUSED_FUNCTION = YES;
				GCC_WARN_UNUSED_VARIABLE = YES;
				IPHONEOS_DEPLOYMENT_TARGET = 11.0;
				MTL_ENABLE_DEBUG_INFO = NO;
				MTL_FAST_MATH = YES;
				SDKROOT = iphoneos;
				SWIFT_COMPILATION_MODE = wholemodule;
				SWIFT_OPTIMIZATION_LEVEL = "-O";
				VALIDATE_PRODUCT = YES;
				VERSIONING_SYSTEM = "apple-generic";
				VERSION_INFO_PREFIX = "";
			};
			name = Release;
		};
		F11C5D1F2524403700538D04 /* Debug */ = {
			isa = XCBuildConfiguration;
			buildSettings = {
				CLANG_ALLOW_NON_MODULAR_INCLUDES_IN_FRAMEWORK_MODULES = NO;
				CLANG_CXX_LANGUAGE_STANDARD = "gnu++17";
				CODE_SIGN_IDENTITY = "";
				CODE_SIGN_STYLE = Automatic;
				DEFINES_MODULE = YES;
				DEVELOPMENT_TEAM = TG7LSJHB64;
				DYLIB_COMPATIBILITY_VERSION = 1;
				DYLIB_CURRENT_VERSION = 1;
				DYLIB_INSTALL_NAME_BASE = "@rpath";
				ENABLE_BITCODE = NO;
				"EXCLUDED_ARCHS[sdk=iphonesimulator*]" = i386;
				GCC_PREPROCESSOR_DEFINITIONS = (
					"DEBUG=1",
					"GLES_SILENCE_DEPRECATION=1",
					"CI_SILENCE_GL_DEPRECATION=1",
				);
				HEADER_SEARCH_PATHS = "\"$(SRCROOT)/../canvas-native/target\"";
				INFOPLIST_FILE = CanvasNative/Info.plist;
				INSTALL_PATH = "$(LOCAL_LIBRARY_DIR)/Frameworks";
				IPHONEOS_DEPLOYMENT_TARGET = 11.0;
				"IPHONEOS_DEPLOYMENT_TARGET[sdk=iphoneos*][arch=arm64]" = 11.0;
				"IPHONEOS_DEPLOYMENT_TARGET[sdk=iphonesimulator*][arch=arm64]" = 11.0;
				"IPHONEOS_DEPLOYMENT_TARGET[sdk=iphonesimulator*][arch=x86_64]" = 11.0;
				"IPHONEOS_DEPLOYMENT_TARGET[sdk=macosx*]" = 14.2;
				LD_RUNPATH_SEARCH_PATHS = (
					"$(inherited)",
					"@executable_path/Frameworks",
					"@loader_path/Frameworks",
				);
				LIBRARY_SEARCH_PATHS = "";
				ONLY_ACTIVE_ARCH = YES;
				"OTHER_LDFLAGS[sdk=iphoneos*][arch=arm64]" = (
					"$(inherited)",
					"-L\"$(SRCROOT)/../canvas-native/target/aarch64-apple-ios/debug\"",
					"-Wl,-keep_dwarf_unwind",
					"-Wl,-no_compact_unwind",
					"-lcanvasnative",
					"-ObjC",
					"-framework",
					OpenGLES,
					"-lc++",
					"-Wl,-U,_cxxbridge1$OnRafCallbackOnFrame",
				);
				"OTHER_LDFLAGS[sdk=iphonesimulator*][arch=arm64]" = (
					"$(inherited)",
					"-L\"$(SRCROOT)/../canvas-native/target/aarch64-apple-ios-sim/debug\"",
					"-Wl,-keep_dwarf_unwind",
					"-Wl,-no_compact_unwind",
					"-lcanvasnative",
					"-ObjC",
					"-framework",
					OpenGLES,
					"-lc++",
					"-Wl,-U,_cxxbridge1$OnRafCallbackOnFrame",
				);
				"OTHER_LDFLAGS[sdk=iphonesimulator*][arch=x86_64]" = (
					"$(inherited)",
					"-L\"$(SRCROOT)/../canvas-native/target/x86_64-apple-ios/debug\"",
					"-Wl,-keep_dwarf_unwind",
					"-Wl,-no_compact_unwind",
					"-lcanvasnative",
					"-ObjC",
					"-framework",
					OpenGLES,
					"-lc++",
					"-Wl,-U,_cxxbridge1$OnRafCallbackOnFrame",
				);
				OTHER_SWIFT_FLAGS = "-Xcc -Wno-error=non-modular-include-in-framework-module";
				PRODUCT_BUNDLE_IDENTIFIER = com.github.triniwiz.CanvasNative;
				PRODUCT_NAME = "$(TARGET_NAME:c99extidentifier)";
				SKIP_INSTALL = YES;
				STRIP_INSTALLED_PRODUCT = YES;
				STRIP_SWIFT_SYMBOLS = YES;
				SUPPORTS_MACCATALYST = NO;
				SUPPORTS_MAC_DESIGNED_FOR_IPHONE_IPAD = YES;
				SWIFT_VERSION = 5.0;
				TARGETED_DEVICE_FAMILY = "1,2";
				USE_HEADERMAP = NO;
			};
			name = Debug;
		};
		F11C5D202524403700538D04 /* Release */ = {
			isa = XCBuildConfiguration;
			buildSettings = {
				CLANG_ALLOW_NON_MODULAR_INCLUDES_IN_FRAMEWORK_MODULES = NO;
				CLANG_CXX_LANGUAGE_STANDARD = "gnu++17";
				CODE_SIGN_IDENTITY = "";
				CODE_SIGN_STYLE = Automatic;
				DEFINES_MODULE = YES;
				DEVELOPMENT_TEAM = TG7LSJHB64;
				DYLIB_COMPATIBILITY_VERSION = 1;
				DYLIB_CURRENT_VERSION = 1;
				DYLIB_INSTALL_NAME_BASE = "@rpath";
				ENABLE_BITCODE = NO;
				"EXCLUDED_ARCHS[sdk=iphonesimulator*]" = i386;
				GCC_OPTIMIZATION_LEVEL = 3;
				GCC_PREPROCESSOR_DEFINITIONS = (
					"GLES_SILENCE_DEPRECATION=1",
					"CI_SILENCE_GL_DEPRECATION=1",
				);
				HEADER_SEARCH_PATHS = "\"$(SRCROOT)/../canvas-native/target\"";
				INFOPLIST_FILE = CanvasNative/Info.plist;
				INSTALL_PATH = "$(LOCAL_LIBRARY_DIR)/Frameworks";
				IPHONEOS_DEPLOYMENT_TARGET = 11.0;
				"IPHONEOS_DEPLOYMENT_TARGET[sdk=iphoneos*][arch=arm64]" = 11.0;
				"IPHONEOS_DEPLOYMENT_TARGET[sdk=iphonesimulator*][arch=arm64]" = 11.0;
				"IPHONEOS_DEPLOYMENT_TARGET[sdk=iphonesimulator*][arch=x86_64]" = 11.0;
				"IPHONEOS_DEPLOYMENT_TARGET[sdk=macosx*]" = 14.2;
				LD_RUNPATH_SEARCH_PATHS = (
					"$(inherited)",
					"@executable_path/Frameworks",
					"@loader_path/Frameworks",
				);
				LIBRARY_SEARCH_PATHS = "";
				"LIBRARY_SEARCH_PATHS[arch=*]" = "";
				"OTHER_LDFLAGS[sdk=iphoneos*][arch=arm64]" = (
					"$(inherited)",
					"-L\"$(SRCROOT)/../canvas-native/target/aarch64-apple-ios/release\"",
					"-Wl,-keep_dwarf_unwind",
					"-Wl,-no_compact_unwind",
					"-lcanvasnative",
					"-ObjC",
					"-framework",
					OpenGLES,
					"-lc++",
					"-Wl,-U,_cxxbridge1$OnRafCallbackOnFrame",
				);
				"OTHER_LDFLAGS[sdk=iphonesimulator*][arch=arm64]" = (
					"$(inherited)",
					"-L\"$(SRCROOT)/../canvas-native/target/aarch64-apple-ios-sim/release\"",
					"-Wl,-keep_dwarf_unwind",
					"-Wl,-no_compact_unwind",
					"-lcanvasnative",
					"-ObjC",
					"-framework",
					OpenGLES,
					"-lc++",
					"-Wl,-U,_cxxbridge1$OnRafCallbackOnFrame",
				);
				"OTHER_LDFLAGS[sdk=iphonesimulator*][arch=x86_64]" = (
					"$(inherited)",
					"-L\"$(SRCROOT)/../canvas-native/target/x86_64-apple-ios/release\"",
					"-Wl,-keep_dwarf_unwind",
					"-Wl,-no_compact_unwind",
					"-lcanvasnative",
					"-ObjC",
					"-framework",
					OpenGLES,
					"-lc++",
					"-Wl,-U,_cxxbridge1$OnRafCallbackOnFrame",
				);
				OTHER_SWIFT_FLAGS = "-Xcc -Wno-error=non-modular-include-in-framework-module";
				PRODUCT_BUNDLE_IDENTIFIER = com.github.triniwiz.CanvasNative;
				PRODUCT_NAME = "$(TARGET_NAME:c99extidentifier)";
				SKIP_INSTALL = YES;
				STRIP_INSTALLED_PRODUCT = YES;
				STRIP_SWIFT_SYMBOLS = YES;
				SUPPORTS_MACCATALYST = NO;
				SUPPORTS_MAC_DESIGNED_FOR_IPHONE_IPAD = YES;
				SWIFT_VERSION = 5.0;
				TARGETED_DEVICE_FAMILY = "1,2";
				USE_HEADERMAP = NO;
			};
			name = Release;
		};
		F11C5D222524403700538D04 /* Debug */ = {
			isa = XCBuildConfiguration;
			buildSettings = {
				ALWAYS_EMBED_SWIFT_STANDARD_LIBRARIES = YES;
				CODE_SIGN_STYLE = Automatic;
				INFOPLIST_FILE = CanvasNativeTests/Info.plist;
				LD_RUNPATH_SEARCH_PATHS = (
					"$(inherited)",
					"@executable_path/Frameworks",
					"@loader_path/Frameworks",
				);
				PRODUCT_BUNDLE_IDENTIFIER = com.github.triniwiz.CanvasNativeTests;
				PRODUCT_NAME = "$(TARGET_NAME)";
				SWIFT_VERSION = 5.0;
				TARGETED_DEVICE_FAMILY = "1,2";
			};
			name = Debug;
		};
		F11C5D232524403700538D04 /* Release */ = {
			isa = XCBuildConfiguration;
			buildSettings = {
				ALWAYS_EMBED_SWIFT_STANDARD_LIBRARIES = YES;
				CODE_SIGN_STYLE = Automatic;
				INFOPLIST_FILE = CanvasNativeTests/Info.plist;
				LD_RUNPATH_SEARCH_PATHS = (
					"$(inherited)",
					"@executable_path/Frameworks",
					"@loader_path/Frameworks",
				);
				PRODUCT_BUNDLE_IDENTIFIER = com.github.triniwiz.CanvasNativeTests;
				PRODUCT_NAME = "$(TARGET_NAME)";
				SWIFT_VERSION = 5.0;
				TARGETED_DEVICE_FAMILY = "1,2";
			};
			name = Release;
		};
/* End XCBuildConfiguration section */

/* Begin XCConfigurationList section */
		F11C5D042524403700538D04 /* Build configuration list for PBXProject "CanvasNative" */ = {
			isa = XCConfigurationList;
			buildConfigurations = (
				F11C5D1C2524403700538D04 /* Debug */,
				F11C5D1D2524403700538D04 /* Release */,
			);
			defaultConfigurationIsVisible = 0;
			defaultConfigurationName = Release;
		};
		F11C5D1E2524403700538D04 /* Build configuration list for PBXNativeTarget "CanvasNative" */ = {
			isa = XCConfigurationList;
			buildConfigurations = (
				F11C5D1F2524403700538D04 /* Debug */,
				F11C5D202524403700538D04 /* Release */,
			);
			defaultConfigurationIsVisible = 0;
			defaultConfigurationName = Release;
		};
		F11C5D212524403700538D04 /* Build configuration list for PBXNativeTarget "CanvasNativeTests" */ = {
			isa = XCConfigurationList;
			buildConfigurations = (
				F11C5D222524403700538D04 /* Debug */,
				F11C5D232524403700538D04 /* Release */,
			);
			defaultConfigurationIsVisible = 0;
			defaultConfigurationName = Release;
		};
/* End XCConfigurationList section */
	};
	rootObject = F11C5D012524403700538D04 /* Project object */;
}
